
Microsoft Visual Studio Solution File, Format Version 12.00
# Visual Studio Version 16
VisualStudioVersion = 16.0.29230.47
MinimumVisualStudioVersion = 10.0.40219.1
Project("{9A19103F-16F7-4668-BE54-9A1E7A4F7556}") = "RealEstateAgency", "RealStateAgency\RealEstateAgency.csproj", "{0EEF2CE8-F549-41B3-A946-80B220662080}"
EndProject
Project("{9A19103F-16F7-4668-BE54-9A1E7A4F7556}") = "RealEstateAgency.Core", "RealEstateAgency.Core\RealEstateAgency.Core.csproj", "{0C90851C-5840-4E65-91CA-88BE7EED3A36}"
EndProject
Global
	GlobalSection(SolutionConfigurationPlatforms) = preSolution
		Debug|Any CPU = Debug|Any CPU
		Release|Any CPU = Release|Any CPU
	EndGlobalSection
	GlobalSection(ProjectConfigurationPlatforms) = postSolution
		{0EEF2CE8-F549-41B3-A946-80B220662080}.Debug|Any CPU.ActiveCfg = Debug|Any CPU
		{0EEF2CE8-F549-41B3-A946-80B220662080}.Debug|Any CPU.Build.0 = Debug|Any CPU
		{0EEF2CE8-F549-41B3-A946-80B220662080}.Release|Any CPU.ActiveCfg = Release|Any CPU
		{0EEF2CE8-F549-41B3-A946-80B220662080}.Release|Any CPU.Build.0 = Release|Any CPU
		{0C90851C-5840-4E65-91CA-88BE7EED3A36}.Debug|Any CPU.ActiveCfg = Debug|Any CPU
		{0C90851C-5840-4E65-91CA-88BE7EED3A36}.Debug|Any CPU.Build.0 = Debug|Any CPU
		{0C90851C-5840-4E65-91CA-88BE7EED3A36}.Release|Any CPU.ActiveCfg = Release|Any CPU
		{0C90851C-5840-4E65-91CA-88BE7EED3A36}.Release|Any CPU.Build.0 = Release|Any CPU
	EndGlobalSection
	GlobalSection(SolutionProperties) = preSolution
		HideSolutionNode = FALSE
	EndGlobalSection
	GlobalSection(ExtensibilityGlobals) = postSolution
		SolutionGuid = {0A2EAF06-F3B9-4574-ADDD-B6F541379E53}
	EndGlobalSection
EndGlobal
